// !$*UTF8*$!
{
	archiveVersion = 1;
	classes = {
	};
	objectVersion = 56;
	objects = {

/* Begin PBXBuildFile section */
		0B42B8D52AA7ACB000D109AE /* JobView.swift in Sources */ = {isa = PBXBuildFile; fileRef = 0B42B8D42AA7ACB000D109AE /* JobView.swift */; };
		0B42B8D72AA7ACBE00D109AE /* AddJobView.swift in Sources */ = {isa = PBXBuildFile; fileRef = 0B42B8D62AA7ACBE00D109AE /* AddJobView.swift */; };
		0B42B8D92AA7ACCC00D109AE /* JobRow.swift in Sources */ = {isa = PBXBuildFile; fileRef = 0B42B8D82AA7ACCC00D109AE /* JobRow.swift */; };
		0B42B8DB2AA7ACD300D109AE /* Job.swift in Sources */ = {isa = PBXBuildFile; fileRef = 0B42B8DA2AA7ACD300D109AE /* Job.swift */; };
		0B860B592AA0E1DC00A94D92 /* tasklistdemoIOSApp.swift in Sources */ = {isa = PBXBuildFile; fileRef = 0B860B582AA0E1DC00A94D92 /* tasklistdemoIOSApp.swift */; };
		0B860B5B2AA0E1DC00A94D92 /* ContentView.swift in Sources */ = {isa = PBXBuildFile; fileRef = 0B860B5A2AA0E1DC00A94D92 /* ContentView.swift */; };
		0B860B5D2AA0E1DD00A94D92 /* Assets.xcassets in Resources */ = {isa = PBXBuildFile; fileRef = 0B860B5C2AA0E1DD00A94D92 /* Assets.xcassets */; };
		0B860B602AA0E1DD00A94D92 /* Preview Assets.xcassets in Resources */ = {isa = PBXBuildFile; fileRef = 0B860B5F2AA0E1DD00A94D92 /* Preview Assets.xcassets */; };
		0B860B6A2AA0E1DE00A94D92 /* tasklistdemoIOSTests.swift in Sources */ = {isa = PBXBuildFile; fileRef = 0B860B692AA0E1DE00A94D92 /* tasklistdemoIOSTests.swift */; };
		0B860B742AA0E1DE00A94D92 /* tasklistdemoIOSUITests.swift in Sources */ = {isa = PBXBuildFile; fileRef = 0B860B732AA0E1DE00A94D92 /* tasklistdemoIOSUITests.swift */; };
		0B860B762AA0E1DE00A94D92 /* tasklistdemoIOSUITestsLaunchTests.swift in Sources */ = {isa = PBXBuildFile; fileRef = 0B860B752AA0E1DE00A94D92 /* tasklistdemoIOSUITestsLaunchTests.swift */; };
		0B860B8B2AA0EF8C00A94D92 /* SmallAddButton.swift in Sources */ = {isa = PBXBuildFile; fileRef = 0B860B8A2AA0EF8C00A94D92 /* SmallAddButton.swift */; };
		0B860B8E2AA0FAEF00A94D92 /* Realm in Frameworks */ = {isa = PBXBuildFile; productRef = 0B860B8D2AA0FAEF00A94D92 /* Realm */; };
		0B860B902AA0FAEF00A94D92 /* RealmSwift in Frameworks */ = {isa = PBXBuildFile; productRef = 0B860B8F2AA0FAEF00A94D92 /* RealmSwift */; };
		0B860B922AA0FD3400A94D92 /* RealmRepo.swift in Sources */ = {isa = PBXBuildFile; fileRef = 0B860B912AA0FD3400A94D92 /* RealmRepo.swift */; };
/* End PBXBuildFile section */

/* Begin PBXContainerItemProxy section */
		0B860B662AA0E1DE00A94D92 /* PBXContainerItemProxy */ = {
			isa = PBXContainerItemProxy;
			containerPortal = 0B860B4D2AA0E1DC00A94D92 /* Project object */;
			proxyType = 1;
			remoteGlobalIDString = 0B860B542AA0E1DC00A94D92;
			remoteInfo = tasklistdemoIOS;
		};
		0B860B702AA0E1DE00A94D92 /* PBXContainerItemProxy */ = {
			isa = PBXContainerItemProxy;
			containerPortal = 0B860B4D2AA0E1DC00A94D92 /* Project object */;
			proxyType = 1;
			remoteGlobalIDString = 0B860B542AA0E1DC00A94D92;
			remoteInfo = tasklistdemoIOS;
		};
/* End PBXContainerItemProxy section */

/* Begin PBXFileReference section */
		0B42B8D42AA7ACB000D109AE /* JobView.swift */ = {isa = PBXFileReference; fileEncoding = 4; lastKnownFileType = sourcecode.swift; path = JobView.swift; sourceTree = "<group>"; };
		0B42B8D62AA7ACBE00D109AE /* AddJobView.swift */ = {isa = PBXFileReference; fileEncoding = 4; lastKnownFileType = sourcecode.swift; path = AddJobView.swift; sourceTree = "<group>"; };
		0B42B8D82AA7ACCC00D109AE /* JobRow.swift */ = {isa = PBXFileReference; fileEncoding = 4; lastKnownFileType = sourcecode.swift; path = JobRow.swift; sourceTree = "<group>"; };
		0B42B8DA2AA7ACD300D109AE /* Job.swift */ = {isa = PBXFileReference; fileEncoding = 4; lastKnownFileType = sourcecode.swift; path = Job.swift; sourceTree = "<group>"; };
		0B860B552AA0E1DC00A94D92 /* tasklistdemoIOS.app */ = {isa = PBXFileReference; explicitFileType = wrapper.application; includeInIndex = 0; path = tasklistdemoIOS.app; sourceTree = BUILT_PRODUCTS_DIR; };
		0B860B582AA0E1DC00A94D92 /* tasklistdemoIOSApp.swift */ = {isa = PBXFileReference; lastKnownFileType = sourcecode.swift; path = tasklistdemoIOSApp.swift; sourceTree = "<group>"; };
		0B860B5A2AA0E1DC00A94D92 /* ContentView.swift */ = {isa = PBXFileReference; lastKnownFileType = sourcecode.swift; path = ContentView.swift; sourceTree = "<group>"; };
		0B860B5C2AA0E1DD00A94D92 /* Assets.xcassets */ = {isa = PBXFileReference; lastKnownFileType = folder.assetcatalog; path = Assets.xcassets; sourceTree = "<group>"; };
		0B860B5F2AA0E1DD00A94D92 /* Preview Assets.xcassets */ = {isa = PBXFileReference; lastKnownFileType = folder.assetcatalog; path = "Preview Assets.xcassets"; sourceTree = "<group>"; };
		0B860B652AA0E1DE00A94D92 /* tasklistdemoIOSTests.xctest */ = {isa = PBXFileReference; explicitFileType = wrapper.cfbundle; includeInIndex = 0; path = tasklistdemoIOSTests.xctest; sourceTree = BUILT_PRODUCTS_DIR; };
		0B860B692AA0E1DE00A94D92 /* tasklistdemoIOSTests.swift */ = {isa = PBXFileReference; lastKnownFileType = sourcecode.swift; path = tasklistdemoIOSTests.swift; sourceTree = "<group>"; };
		0B860B6F2AA0E1DE00A94D92 /* tasklistdemoIOSUITests.xctest */ = {isa = PBXFileReference; explicitFileType = wrapper.cfbundle; includeInIndex = 0; path = tasklistdemoIOSUITests.xctest; sourceTree = BUILT_PRODUCTS_DIR; };
		0B860B732AA0E1DE00A94D92 /* tasklistdemoIOSUITests.swift */ = {isa = PBXFileReference; lastKnownFileType = sourcecode.swift; path = tasklistdemoIOSUITests.swift; sourceTree = "<group>"; };
		0B860B752AA0E1DE00A94D92 /* tasklistdemoIOSUITestsLaunchTests.swift */ = {isa = PBXFileReference; lastKnownFileType = sourcecode.swift; path = tasklistdemoIOSUITestsLaunchTests.swift; sourceTree = "<group>"; };
		0B860B8A2AA0EF8C00A94D92 /* SmallAddButton.swift */ = {isa = PBXFileReference; lastKnownFileType = sourcecode.swift; path = SmallAddButton.swift; sourceTree = "<group>"; };
		0B860B912AA0FD3400A94D92 /* RealmRepo.swift */ = {isa = PBXFileReference; lastKnownFileType = sourcecode.swift; path = RealmRepo.swift; sourceTree = "<group>"; };
/* End PBXFileReference section */

/* Begin PBXFrameworksBuildPhase section */
		0B860B522AA0E1DC00A94D92 /* Frameworks */ = {
			isa = PBXFrameworksBuildPhase;
			buildActionMask = 2147483647;
			files = (
				0B860B902AA0FAEF00A94D92 /* RealmSwift in Frameworks */,
				0B860B8E2AA0FAEF00A94D92 /* Realm in Frameworks */,
			);
			runOnlyForDeploymentPostprocessing = 0;
		};
		0B860B622AA0E1DE00A94D92 /* Frameworks */ = {
			isa = PBXFrameworksBuildPhase;
			buildActionMask = 2147483647;
			files = (
			);
			runOnlyForDeploymentPostprocessing = 0;
		};
		0B860B6C2AA0E1DE00A94D92 /* Frameworks */ = {
			isa = PBXFrameworksBuildPhase;
			buildActionMask = 2147483647;
			files = (
			);
			runOnlyForDeploymentPostprocessing = 0;
		};
/* End PBXFrameworksBuildPhase section */

/* Begin PBXGroup section */
		0B860B4C2AA0E1DC00A94D92 = {
			isa = PBXGroup;
			children = (
				0B860B572AA0E1DC00A94D92 /* tasklistdemoIOS */,
				0B860B682AA0E1DE00A94D92 /* tasklistdemoIOSTests */,
				0B860B722AA0E1DE00A94D92 /* tasklistdemoIOSUITests */,
				0B860B562AA0E1DC00A94D92 /* Products */,
			);
			sourceTree = "<group>";
		};
		0B860B562AA0E1DC00A94D92 /* Products */ = {
			isa = PBXGroup;
			children = (
				0B860B552AA0E1DC00A94D92 /* tasklistdemoIOS.app */,
				0B860B652AA0E1DE00A94D92 /* tasklistdemoIOSTests.xctest */,
				0B860B6F2AA0E1DE00A94D92 /* tasklistdemoIOSUITests.xctest */,
			);
			name = Products;
			sourceTree = "<group>";
		};
		0B860B572AA0E1DC00A94D92 /* tasklistdemoIOS */ = {
			isa = PBXGroup;
			children = (
				0B42B8DA2AA7ACD300D109AE /* Job.swift */,
				0B860B852AA0E8B100A94D92 /* Component */,
				0B860B842AA0E35700A94D92 /* View */,
				0B860B582AA0E1DC00A94D92 /* tasklistdemoIOSApp.swift */,
				0B860B5C2AA0E1DD00A94D92 /* Assets.xcassets */,
				0B860B5E2AA0E1DD00A94D92 /* Preview Content */,
				0B860B912AA0FD3400A94D92 /* RealmRepo.swift */,
			);
			path = tasklistdemoIOS;
			sourceTree = "<group>";
		};
		0B860B5E2AA0E1DD00A94D92 /* Preview Content */ = {
			isa = PBXGroup;
			children = (
				0B860B5F2AA0E1DD00A94D92 /* Preview Assets.xcassets */,
			);
			path = "Preview Content";
			sourceTree = "<group>";
		};
		0B860B682AA0E1DE00A94D92 /* tasklistdemoIOSTests */ = {
			isa = PBXGroup;
			children = (
				0B860B692AA0E1DE00A94D92 /* tasklistdemoIOSTests.swift */,
			);
			path = tasklistdemoIOSTests;
			sourceTree = "<group>";
		};
		0B860B722AA0E1DE00A94D92 /* tasklistdemoIOSUITests */ = {
			isa = PBXGroup;
			children = (
				0B860B732AA0E1DE00A94D92 /* tasklistdemoIOSUITests.swift */,
				0B860B752AA0E1DE00A94D92 /* tasklistdemoIOSUITestsLaunchTests.swift */,
			);
			path = tasklistdemoIOSUITests;
			sourceTree = "<group>";
		};
		0B860B842AA0E35700A94D92 /* View */ = {
			isa = PBXGroup;
			children = (
				0B42B8D62AA7ACBE00D109AE /* AddJobView.swift */,
				0B42B8D42AA7ACB000D109AE /* JobView.swift */,
				0B860B5A2AA0E1DC00A94D92 /* ContentView.swift */,
			);
			path = View;
			sourceTree = "<group>";
		};
		0B860B852AA0E8B100A94D92 /* Component */ = {
			isa = PBXGroup;
			children = (
				0B42B8D82AA7ACCC00D109AE /* JobRow.swift */,
				0B860B8A2AA0EF8C00A94D92 /* SmallAddButton.swift */,
			);
			path = Component;
			sourceTree = "<group>";
		};
/* End PBXGroup section */

/* Begin PBXNativeTarget section */
		0B860B542AA0E1DC00A94D92 /* tasklistdemoIOS */ = {
			isa = PBXNativeTarget;
			buildConfigurationList = 0B860B792AA0E1DE00A94D92 /* Build configuration list for PBXNativeTarget "tasklistdemoIOS" */;
			buildPhases = (
				0B860B512AA0E1DC00A94D92 /* Sources */,
				0B860B522AA0E1DC00A94D92 /* Frameworks */,
				0B860B532AA0E1DC00A94D92 /* Resources */,
			);
			buildRules = (
			);
			dependencies = (
			);
			name = tasklistdemoIOS;
			packageProductDependencies = (
				0B860B8D2AA0FAEF00A94D92 /* Realm */,
				0B860B8F2AA0FAEF00A94D92 /* RealmSwift */,
			);
			productName = tasklistdemoIOS;
			productReference = 0B860B552AA0E1DC00A94D92 /* tasklistdemoIOS.app */;
			productType = "com.apple.product-type.application";
		};
		0B860B642AA0E1DE00A94D92 /* tasklistdemoIOSTests */ = {
			isa = PBXNativeTarget;
			buildConfigurationList = 0B860B7C2AA0E1DE00A94D92 /* Build configuration list for PBXNativeTarget "tasklistdemoIOSTests" */;
			buildPhases = (
				0B860B612AA0E1DE00A94D92 /* Sources */,
				0B860B622AA0E1DE00A94D92 /* Frameworks */,
				0B860B632AA0E1DE00A94D92 /* Resources */,
			);
			buildRules = (
			);
			dependencies = (
				0B860B672AA0E1DE00A94D92 /* PBXTargetDependency */,
			);
			name = tasklistdemoIOSTests;
			productName = tasklistdemoIOSTests;
			productReference = 0B860B652AA0E1DE00A94D92 /* tasklistdemoIOSTests.xctest */;
			productType = "com.apple.product-type.bundle.unit-test";
		};
		0B860B6E2AA0E1DE00A94D92 /* tasklistdemoIOSUITests */ = {
			isa = PBXNativeTarget;
			buildConfigurationList = 0B860B7F2AA0E1DE00A94D92 /* Build configuration list for PBXNativeTarget "tasklistdemoIOSUITests" */;
			buildPhases = (
				0B860B6B2AA0E1DE00A94D92 /* Sources */,
				0B860B6C2AA0E1DE00A94D92 /* Frameworks */,
				0B860B6D2AA0E1DE00A94D92 /* Resources */,
			);
			buildRules = (
			);
			dependencies = (
				0B860B712AA0E1DE00A94D92 /* PBXTargetDependency */,
			);
			name = tasklistdemoIOSUITests;
			productName = tasklistdemoIOSUITests;
			productReference = 0B860B6F2AA0E1DE00A94D92 /* tasklistdemoIOSUITests.xctest */;
			productType = "com.apple.product-type.bundle.ui-testing";
		};
/* End PBXNativeTarget section */

/* Begin PBXProject section */
		0B860B4D2AA0E1DC00A94D92 /* Project object */ = {
			isa = PBXProject;
			attributes = {
				BuildIndependentTargetsInParallel = 1;
				LastSwiftUpdateCheck = 1430;
				LastUpgradeCheck = 1430;
				TargetAttributes = {
					0B860B542AA0E1DC00A94D92 = {
						CreatedOnToolsVersion = 14.3.1;
					};
					0B860B642AA0E1DE00A94D92 = {
						CreatedOnToolsVersion = 14.3.1;
						TestTargetID = 0B860B542AA0E1DC00A94D92;
					};
					0B860B6E2AA0E1DE00A94D92 = {
						CreatedOnToolsVersion = 14.3.1;
						TestTargetID = 0B860B542AA0E1DC00A94D92;
					};
				};
			};
			buildConfigurationList = 0B860B502AA0E1DC00A94D92 /* Build configuration list for PBXProject "tasklistdemoIOS" */;
			compatibilityVersion = "Xcode 14.0";
			developmentRegion = en;
			hasScannedForEncodings = 0;
			knownRegions = (
				en,
				Base,
			);
			mainGroup = 0B860B4C2AA0E1DC00A94D92;
			packageReferences = (
				0B860B8C2AA0FAEF00A94D92 /* XCRemoteSwiftPackageReference "realm-swift" */,
			);
			productRefGroup = 0B860B562AA0E1DC00A94D92 /* Products */;
			projectDirPath = "";
			projectRoot = "";
			targets = (
				0B860B542AA0E1DC00A94D92 /* tasklistdemoIOS */,
				0B860B642AA0E1DE00A94D92 /* tasklistdemoIOSTests */,
				0B860B6E2AA0E1DE00A94D92 /* tasklistdemoIOSUITests */,
			);
		};
/* End PBXProject section */

/* Begin PBXResourcesBuildPhase section */
		0B860B532AA0E1DC00A94D92 /* Resources */ = {
			isa = PBXResourcesBuildPhase;
			buildActionMask = 2147483647;
			files = (
				0B860B602AA0E1DD00A94D92 /* Preview Assets.xcassets in Resources */,
				0B860B5D2AA0E1DD00A94D92 /* Assets.xcassets in Resources */,
			);
			runOnlyForDeploymentPostprocessing = 0;
		};
		0B860B632AA0E1DE00A94D92 /* Resources */ = {
			isa = PBXResourcesBuildPhase;
			buildActionMask = 2147483647;
			files = (
			);
			runOnlyForDeploymentPostprocessing = 0;
		};
		0B860B6D2AA0E1DE00A94D92 /* Resources */ = {
			isa = PBXResourcesBuildPhase;
			buildActionMask = 2147483647;
			files = (
			);
			runOnlyForDeploymentPostprocessing = 0;
		};
/* End PBXResourcesBuildPhase section */

/* Begin PBXSourcesBuildPhase section */
		0B860B512AA0E1DC00A94D92 /* Sources */ = {
			isa = PBXSourcesBuildPhase;
			buildActionMask = 2147483647;
			files = (
				0B42B8D92AA7ACCC00D109AE /* JobRow.swift in Sources */,
				0B860B5B2AA0E1DC00A94D92 /* ContentView.swift in Sources */,
				0B860B8B2AA0EF8C00A94D92 /* SmallAddButton.swift in Sources */,
				0B860B592AA0E1DC00A94D92 /* tasklistdemoIOSApp.swift in Sources */,
				0B42B8D52AA7ACB000D109AE /* JobView.swift in Sources */,
				0B42B8D72AA7ACBE00D109AE /* AddJobView.swift in Sources */,
				0B860B922AA0FD3400A94D92 /* RealmRepo.swift in Sources */,
				0B42B8DB2AA7ACD300D109AE /* Job.swift in Sources */,
			);
			runOnlyForDeploymentPostprocessing = 0;
		};
		0B860B612AA0E1DE00A94D92 /* Sources */ = {
			isa = PBXSourcesBuildPhase;
			buildActionMask = 2147483647;
			files = (
				0B860B6A2AA0E1DE00A94D92 /* tasklistdemoIOSTests.swift in Sources */,
			);
			runOnlyForDeploymentPostprocessing = 0;
		};
		0B860B6B2AA0E1DE00A94D92 /* Sources */ = {
			isa = PBXSourcesBuildPhase;
			buildActionMask = 2147483647;
			files = (
				0B860B762AA0E1DE00A94D92 /* tasklistdemoIOSUITestsLaunchTests.swift in Sources */,
				0B860B742AA0E1DE00A94D92 /* tasklistdemoIOSUITests.swift in Sources */,
			);
			runOnlyForDeploymentPostprocessing = 0;
		};
/* End PBXSourcesBuildPhase section */

/* Begin PBXTargetDependency section */
		0B860B672AA0E1DE00A94D92 /* PBXTargetDependency */ = {
			isa = PBXTargetDependency;
			target = 0B860B542AA0E1DC00A94D92 /* tasklistdemoIOS */;
			targetProxy = 0B860B662AA0E1DE00A94D92 /* PBXContainerItemProxy */;
		};
		0B860B712AA0E1DE00A94D92 /* PBXTargetDependency */ = {
			isa = PBXTargetDependency;
			target = 0B860B542AA0E1DC00A94D92 /* tasklistdemoIOS */;
			targetProxy = 0B860B702AA0E1DE00A94D92 /* PBXContainerItemProxy */;
		};
/* End PBXTargetDependency section */

/* Begin XCBuildConfiguration section */
		0B860B772AA0E1DE00A94D92 /* Debug */ = {
			isa = XCBuildConfiguration;
			buildSettings = {
				ALWAYS_SEARCH_USER_PATHS = NO;
				CLANG_ANALYZER_NONNULL = YES;
				CLANG_ANALYZER_NUMBER_OBJECT_CONVERSION = YES_AGGRESSIVE;
				CLANG_CXX_LANGUAGE_STANDARD = "gnu++20";
				CLANG_ENABLE_MODULES = YES;
				CLANG_ENABLE_OBJC_ARC = YES;
				CLANG_ENABLE_OBJC_WEAK = YES;
				CLANG_WARN_BLOCK_CAPTURE_AUTORELEASING = YES;
				CLANG_WARN_BOOL_CONVERSION = YES;
				CLANG_WARN_COMMA = YES;
				CLANG_WARN_CONSTANT_CONVERSION = YES;
				CLANG_WARN_DEPRECATED_OBJC_IMPLEMENTATIONS = YES;
				CLANG_WARN_DIRECT_OBJC_ISA_USAGE = YES_ERROR;
				CLANG_WARN_DOCUMENTATION_COMMENTS = YES;
				CLANG_WARN_EMPTY_BODY = YES;
				CLANG_WARN_ENUM_CONVERSION = YES;
				CLANG_WARN_INFINITE_RECURSION = YES;
				CLANG_WARN_INT_CONVERSION = YES;
				CLANG_WARN_NON_LITERAL_NULL_CONVERSION = YES;
				CLANG_WARN_OBJC_IMPLICIT_RETAIN_SELF = YES;
				CLANG_WARN_OBJC_LITERAL_CONVERSION = YES;
				CLANG_WARN_OBJC_ROOT_CLASS = YES_ERROR;
				CLANG_WARN_QUOTED_INCLUDE_IN_FRAMEWORK_HEADER = YES;
				CLANG_WARN_RANGE_LOOP_ANALYSIS = YES;
				CLANG_WARN_STRICT_PROTOTYPES = YES;
				CLANG_WARN_SUSPICIOUS_MOVE = YES;
				CLANG_WARN_UNGUARDED_AVAILABILITY = YES_AGGRESSIVE;
				CLANG_WARN_UNREACHABLE_CODE = YES;
				CLANG_WARN__DUPLICATE_METHOD_MATCH = YES;
				COPY_PHASE_STRIP = NO;
				DEBUG_INFORMATION_FORMAT = dwarf;
				ENABLE_STRICT_OBJC_MSGSEND = YES;
				ENABLE_TESTABILITY = YES;
				GCC_C_LANGUAGE_STANDARD = gnu11;
				GCC_DYNAMIC_NO_PIC = NO;
				GCC_NO_COMMON_BLOCKS = YES;
				GCC_OPTIMIZATION_LEVEL = 0;
				GCC_PREPROCESSOR_DEFINITIONS = (
					"DEBUG=1",
					"$(inherited)",
				);
				GCC_WARN_64_TO_32_BIT_CONVERSION = YES;
				GCC_WARN_ABOUT_RETURN_TYPE = YES_ERROR;
				GCC_WARN_UNDECLARED_SELECTOR = YES;
				GCC_WARN_UNINITIALIZED_AUTOS = YES_AGGRESSIVE;
				GCC_WARN_UNUSED_FUNCTION = YES;
				GCC_WARN_UNUSED_VARIABLE = YES;
				IPHONEOS_DEPLOYMENT_TARGET = 16.4;
				MTL_ENABLE_DEBUG_INFO = INCLUDE_SOURCE;
				MTL_FAST_MATH = YES;
				ONLY_ACTIVE_ARCH = YES;
				SDKROOT = iphoneos;
				SWIFT_ACTIVE_COMPILATION_CONDITIONS = DEBUG;
				SWIFT_OPTIMIZATION_LEVEL = "-Onone";
			};
			name = Debug;
		};
		0B860B782AA0E1DE00A94D92 /* Release */ = {
			isa = XCBuildConfiguration;
			buildSettings = {
				ALWAYS_SEARCH_USER_PATHS = NO;
				CLANG_ANALYZER_NONNULL = YES;
				CLANG_ANALYZER_NUMBER_OBJECT_CONVERSION = YES_AGGRESSIVE;
				CLANG_CXX_LANGUAGE_STANDARD = "gnu++20";
				CLANG_ENABLE_MODULES = YES;
				CLANG_ENABLE_OBJC_ARC = YES;
				CLANG_ENABLE_OBJC_WEAK = YES;
				CLANG_WARN_BLOCK_CAPTURE_AUTORELEASING = YES;
				CLANG_WARN_BOOL_CONVERSION = YES;
				CLANG_WARN_COMMA = YES;
				CLANG_WARN_CONSTANT_CONVERSION = YES;
				CLANG_WARN_DEPRECATED_OBJC_IMPLEMENTATIONS = YES;
				CLANG_WARN_DIRECT_OBJC_ISA_USAGE = YES_ERROR;
				CLANG_WARN_DOCUMENTATION_COMMENTS = YES;
				CLANG_WARN_EMPTY_BODY = YES;
				CLANG_WARN_ENUM_CONVERSION = YES;
				CLANG_WARN_INFINITE_RECURSION = YES;
				CLANG_WARN_INT_CONVERSION = YES;
				CLANG_WARN_NON_LITERAL_NULL_CONVERSION = YES;
				CLANG_WARN_OBJC_IMPLICIT_RETAIN_SELF = YES;
				CLANG_WARN_OBJC_LITERAL_CONVERSION = YES;
				CLANG_WARN_OBJC_ROOT_CLASS = YES_ERROR;
				CLANG_WARN_QUOTED_INCLUDE_IN_FRAMEWORK_HEADER = YES;
				CLANG_WARN_RANGE_LOOP_ANALYSIS = YES;
				CLANG_WARN_STRICT_PROTOTYPES = YES;
				CLANG_WARN_SUSPICIOUS_MOVE = YES;
				CLANG_WARN_UNGUARDED_AVAILABILITY = YES_AGGRESSIVE;
				CLANG_WARN_UNREACHABLE_CODE = YES;
				CLANG_WARN__DUPLICATE_METHOD_MATCH = YES;
				COPY_PHASE_STRIP = NO;
				DEBUG_INFORMATION_FORMAT = "dwarf-with-dsym";
				ENABLE_NS_ASSERTIONS = NO;
				ENABLE_STRICT_OBJC_MSGSEND = YES;
				GCC_C_LANGUAGE_STANDARD = gnu11;
				GCC_NO_COMMON_BLOCKS = YES;
				GCC_WARN_64_TO_32_BIT_CONVERSION = YES;
				GCC_WARN_ABOUT_RETURN_TYPE = YES_ERROR;
				GCC_WARN_UNDECLARED_SELECTOR = YES;
				GCC_WARN_UNINITIALIZED_AUTOS = YES_AGGRESSIVE;
				GCC_WARN_UNUSED_FUNCTION = YES;
				GCC_WARN_UNUSED_VARIABLE = YES;
				IPHONEOS_DEPLOYMENT_TARGET = 16.4;
				MTL_ENABLE_DEBUG_INFO = NO;
				MTL_FAST_MATH = YES;
				SDKROOT = iphoneos;
				SWIFT_COMPILATION_MODE = wholemodule;
				SWIFT_OPTIMIZATION_LEVEL = "-O";
				VALIDATE_PRODUCT = YES;
			};
			name = Release;
		};
		0B860B7A2AA0E1DE00A94D92 /* Debug */ = {
			isa = XCBuildConfiguration;
			buildSettings = {
				ASSETCATALOG_COMPILER_APPICON_NAME = AppIcon;
				ASSETCATALOG_COMPILER_GLOBAL_ACCENT_COLOR_NAME = AccentColor;
				CODE_SIGN_STYLE = Automatic;
				CURRENT_PROJECT_VERSION = 1;
				DEVELOPMENT_ASSET_PATHS = "\"tasklistdemoIOS/Preview Content\"";
				ENABLE_PREVIEWS = YES;
				GENERATE_INFOPLIST_FILE = YES;
				INFOPLIST_KEY_UIApplicationSceneManifest_Generation = YES;
				INFOPLIST_KEY_UIApplicationSupportsIndirectInputEvents = YES;
				INFOPLIST_KEY_UILaunchScreen_Generation = YES;
				INFOPLIST_KEY_UISupportedInterfaceOrientations_iPad = "UIInterfaceOrientationPortrait UIInterfaceOrientationPortraitUpsideDown UIInterfaceOrientationLandscapeLeft UIInterfaceOrientationLandscapeRight";
				INFOPLIST_KEY_UISupportedInterfaceOrientations_iPhone = "UIInterfaceOrientationPortrait UIInterfaceOrientationLandscapeLeft UIInterfaceOrientationLandscapeRight";
				LD_RUNPATH_SEARCH_PATHS = (
					"$(inherited)",
					"@executable_path/Frameworks",
				);
				MARKETING_VERSION = 1.0;
				PRODUCT_BUNDLE_IDENTIFIER = com.syncdemo.tasklistdemoIOS;
				PRODUCT_NAME = "$(TARGET_NAME)";
				SWIFT_EMIT_LOC_STRINGS = YES;
				SWIFT_VERSION = 5.0;
				TARGETED_DEVICE_FAMILY = "1,2";
			};
			name = Debug;
		};
		0B860B7B2AA0E1DE00A94D92 /* Release */ = {
			isa = XCBuildConfiguration;
			buildSettings = {
				ASSETCATALOG_COMPILER_APPICON_NAME = AppIcon;
				ASSETCATALOG_COMPILER_GLOBAL_ACCENT_COLOR_NAME = AccentColor;
				CODE_SIGN_STYLE = Automatic;
				CURRENT_PROJECT_VERSION = 1;
				DEVELOPMENT_ASSET_PATHS = "\"tasklistdemoIOS/Preview Content\"";
				ENABLE_PREVIEWS = YES;
				GENERATE_INFOPLIST_FILE = YES;
				INFOPLIST_KEY_UIApplicationSceneManifest_Generation = YES;
				INFOPLIST_KEY_UIApplicationSupportsIndirectInputEvents = YES;
				INFOPLIST_KEY_UILaunchScreen_Generation = YES;
				INFOPLIST_KEY_UISupportedInterfaceOrientations_iPad = "UIInterfaceOrientationPortrait UIInterfaceOrientationPortraitUpsideDown UIInterfaceOrientationLandscapeLeft UIInterfaceOrientationLandscapeRight";
				INFOPLIST_KEY_UISupportedInterfaceOrientations_iPhone = "UIInterfaceOrientationPortrait UIInterfaceOrientationLandscapeLeft UIInterfaceOrientationLandscapeRight";
				LD_RUNPATH_SEARCH_PATHS = (
					"$(inherited)",
					"@executable_path/Frameworks",
				);
				MARKETING_VERSION = 1.0;
				PRODUCT_BUNDLE_IDENTIFIER = com.syncdemo.tasklistdemoIOS;
				PRODUCT_NAME = "$(TARGET_NAME)";
				SWIFT_EMIT_LOC_STRINGS = YES;
				SWIFT_VERSION = 5.0;
				TARGETED_DEVICE_FAMILY = "1,2";
			};
			name = Release;
		};
		0B860B7D2AA0E1DE00A94D92 /* Debug */ = {
			isa = XCBuildConfiguration;
			buildSettings = {
				ALWAYS_EMBED_SWIFT_STANDARD_LIBRARIES = YES;
				BUNDLE_LOADER = "$(TEST_HOST)";
				CODE_SIGN_STYLE = Automatic;
				CURRENT_PROJECT_VERSION = 1;
				GENERATE_INFOPLIST_FILE = YES;
				IPHONEOS_DEPLOYMENT_TARGET = 16.4;
				MARKETING_VERSION = 1.0;
				PRODUCT_BUNDLE_IDENTIFIER = com.syncdemo.tasklistdemoIOSTests;
				PRODUCT_NAME = "$(TARGET_NAME)";
				SWIFT_EMIT_LOC_STRINGS = NO;
				SWIFT_VERSION = 5.0;
				TARGETED_DEVICE_FAMILY = "1,2";
				TEST_HOST = "$(BUILT_PRODUCTS_DIR)/tasklistdemoIOS.app/$(BUNDLE_EXECUTABLE_FOLDER_PATH)/tasklistdemoIOS";
			};
			name = Debug;
		};
		0B860B7E2AA0E1DE00A94D92 /* Release */ = {
			isa = XCBuildConfiguration;
			buildSettings = {
				ALWAYS_EMBED_SWIFT_STANDARD_LIBRARIES = YES;
				BUNDLE_LOADER = "$(TEST_HOST)";
				CODE_SIGN_STYLE = Automatic;
				CURRENT_PROJECT_VERSION = 1;
				GENERATE_INFOPLIST_FILE = YES;
				IPHONEOS_DEPLOYMENT_TARGET = 16.4;
				MARKETING_VERSION = 1.0;
				PRODUCT_BUNDLE_IDENTIFIER = com.syncdemo.tasklistdemoIOSTests;
				PRODUCT_NAME = "$(TARGET_NAME)";
				SWIFT_EMIT_LOC_STRINGS = NO;
				SWIFT_VERSION = 5.0;
				TARGETED_DEVICE_FAMILY = "1,2";
				TEST_HOST = "$(BUILT_PRODUCTS_DIR)/tasklistdemoIOS.app/$(BUNDLE_EXECUTABLE_FOLDER_PATH)/tasklistdemoIOS";
			};
			name = Release;
		};
		0B860B802AA0E1DE00A94D92 /* Debug */ = {
			isa = XCBuildConfiguration;
			buildSettings = {
				ALWAYS_EMBED_SWIFT_STANDARD_LIBRARIES = YES;
				CODE_SIGN_STYLE = Automatic;
				CURRENT_PROJECT_VERSION = 1;
				GENERATE_INFOPLIST_FILE = YES;
				MARKETING_VERSION = 1.0;
				PRODUCT_BUNDLE_IDENTIFIER = com.syncdemo.tasklistdemoIOSUITests;
				PRODUCT_NAME = "$(TARGET_NAME)";
				SWIFT_EMIT_LOC_STRINGS = NO;
				SWIFT_VERSION = 5.0;
				TARGETED_DEVICE_FAMILY = "1,2";
				TEST_TARGET_NAME = tasklistdemoIOS;
			};
			name = Debug;
		};
		0B860B812AA0E1DE00A94D92 /* Release */ = {
			isa = XCBuildConfiguration;
			buildSettings = {
				ALWAYS_EMBED_SWIFT_STANDARD_LIBRARIES = YES;
				CODE_SIGN_STYLE = Automatic;
				CURRENT_PROJECT_VERSION = 1;
				GENERATE_INFOPLIST_FILE = YES;
				MARKETING_VERSION = 1.0;
				PRODUCT_BUNDLE_IDENTIFIER = com.syncdemo.tasklistdemoIOSUITests;
				PRODUCT_NAME = "$(TARGET_NAME)";
				SWIFT_EMIT_LOC_STRINGS = NO;
				SWIFT_VERSION = 5.0;
				TARGETED_DEVICE_FAMILY = "1,2";
				TEST_TARGET_NAME = tasklistdemoIOS;
			};
			name = Release;
		};
/* End XCBuildConfiguration section */

/* Begin XCConfigurationList section */
		0B860B502AA0E1DC00A94D92 /* Build configuration list for PBXProject "tasklistdemoIOS" */ = {
			isa = XCConfigurationList;
			buildConfigurations = (
				0B860B772AA0E1DE00A94D92 /* Debug */,
				0B860B782AA0E1DE00A94D92 /* Release */,
			);
			defaultConfigurationIsVisible = 0;
			defaultConfigurationName = Release;
		};
		0B860B792AA0E1DE00A94D92 /* Build configuration list for PBXNativeTarget "tasklistdemoIOS" */ = {
			isa = XCConfigurationList;
			buildConfigurations = (
				0B860B7A2AA0E1DE00A94D92 /* Debug */,
				0B860B7B2AA0E1DE00A94D92 /* Release */,
			);
			defaultConfigurationIsVisible = 0;
			defaultConfigurationName = Release;
		};
		0B860B7C2AA0E1DE00A94D92 /* Build configuration list for PBXNativeTarget "tasklistdemoIOSTests" */ = {
			isa = XCConfigurationList;
			buildConfigurations = (
				0B860B7D2AA0E1DE00A94D92 /* Debug */,
				0B860B7E2AA0E1DE00A94D92 /* Release */,
			);
			defaultConfigurationIsVisible = 0;
			defaultConfigurationName = Release;
		};
		0B860B7F2AA0E1DE00A94D92 /* Build configuration list for PBXNativeTarget "tasklistdemoIOSUITests" */ = {
			isa = XCConfigurationList;
			buildConfigurations = (
				0B860B802AA0E1DE00A94D92 /* Debug */,
				0B860B812AA0E1DE00A94D92 /* Release */,
			);
			defaultConfigurationIsVisible = 0;
			defaultConfigurationName = Release;
		};
/* End XCConfigurationList section */

/* Begin XCRemoteSwiftPackageReference section */
		0B860B8C2AA0FAEF00A94D92 /* XCRemoteSwiftPackageReference "realm-swift" */ = {
			isa = XCRemoteSwiftPackageReference;
			repositoryURL = "https://github.com/realm/realm-swift.git";
			requirement = {
				kind = upToNextMajorVersion;
				minimumVersion = 10.42.1;
			};
		};
/* End XCRemoteSwiftPackageReference section */

/* Begin XCSwiftPackageProductDependency section */
		0B860B8D2AA0FAEF00A94D92 /* Realm */ = {
			isa = XCSwiftPackageProductDependency;
			package = 0B860B8C2AA0FAEF00A94D92 /* XCRemoteSwiftPackageReference "realm-swift" */;
			productName = Realm;
		};
		0B860B8F2AA0FAEF00A94D92 /* RealmSwift */ = {
			isa = XCSwiftPackageProductDependency;
			package = 0B860B8C2AA0FAEF00A94D92 /* XCRemoteSwiftPackageReference "realm-swift" */;
			productName = RealmSwift;
		};
/* End XCSwiftPackageProductDependency section */
	};
	rootObject = 0B860B4D2AA0E1DC00A94D92 /* Project object */;
}
